
Microsoft Visual Studio Solution File, Format Version 12.00
# Visual Studio Version 17
VisualStudioVersion = 17.0.31903.59
MinimumVisualStudioVersion = 10.0.40219.1
Project("{2150E333-8FDC-42A3-9474-1A3956D46DE8}") = "InvarianceDTOandModel", "InvarianceDTOandModel", "{D025F71C-8A82-B725-9BD6-3FCB9FECB1F2}"
EndProject
Project("{FAE04EC0-301F-11D3-BF4B-00C04F79EFBC}") = "ValidateTheNameModelBinding", "InvarianceDTOandModel\ValidateTheNameModelBinding.csproj", "{05F22451-071D-4CD2-8207-2A6B3BC648FB}"
EndProject
Project("{FAE04EC0-301F-11D3-BF4B-00C04F79EFBC}") = "SqlInjection", "SqlInjection\SqlInjection.csproj", "{20841CED-BC5E-4704-8520-B26643F1F9A5}"
EndProject
Global
	GlobalSection(SolutionConfigurationPlatforms) = preSolution
		Debug|Any CPU = Debug|Any CPU
		Debug|x64 = Debug|x64
		Debug|x86 = Debug|x86
		Release|Any CPU = Release|Any CPU
		Release|x64 = Release|x64
		Release|x86 = Release|x86
	EndGlobalSection
	GlobalSection(ProjectConfigurationPlatforms) = postSolution
		{05F22451-071D-4CD2-8207-2A6B3BC648FB}.Debug|Any CPU.ActiveCfg = Debug|Any CPU
		{05F22451-071D-4CD2-8207-2A6B3BC648FB}.Debug|Any CPU.Build.0 = Debug|Any CPU
		{05F22451-071D-4CD2-8207-2A6B3BC648FB}.Debug|x64.ActiveCfg = Debug|Any CPU
		{05F22451-071D-4CD2-8207-2A6B3BC648FB}.Debug|x64.Build.0 = Debug|Any CPU
		{05F22451-071D-4CD2-8207-2A6B3BC648FB}.Debug|x86.ActiveCfg = Debug|Any CPU
		{05F22451-071D-4CD2-8207-2A6B3BC648FB}.Debug|x86.Build.0 = Debug|Any CPU
		{05F22451-071D-4CD2-8207-2A6B3BC648FB}.Release|Any CPU.ActiveCfg = Release|Any CPU
		{05F22451-071D-4CD2-8207-2A6B3BC648FB}.Release|Any CPU.Build.0 = Release|Any CPU
		{05F22451-071D-4CD2-8207-2A6B3BC648FB}.Release|x64.ActiveCfg = Release|Any CPU
		{05F22451-071D-4CD2-8207-2A6B3BC648FB}.Release|x64.Build.0 = Release|Any CPU
		{05F22451-071D-4CD2-8207-2A6B3BC648FB}.Release|x86.ActiveCfg = Release|Any CPU
		{05F22451-071D-4CD2-8207-2A6B3BC648FB}.Release|x86.Build.0 = Release|Any CPU
		{20841CED-BC5E-4704-8520-B26643F1F9A5}.Debug|Any CPU.ActiveCfg = Debug|Any CPU
		{20841CED-BC5E-4704-8520-B26643F1F9A5}.Debug|Any CPU.Build.0 = Debug|Any CPU
		{20841CED-BC5E-4704-8520-B26643F1F9A5}.Debug|x64.ActiveCfg = Debug|Any CPU
		{20841CED-BC5E-4704-8520-B26643F1F9A5}.Debug|x64.Build.0 = Debug|Any CPU
		{20841CED-BC5E-4704-8520-B26643F1F9A5}.Debug|x86.ActiveCfg = Debug|Any CPU
		{20841CED-BC5E-4704-8520-B26643F1F9A5}.Debug|x86.Build.0 = Debug|Any CPU
		{20841CED-BC5E-4704-8520-B26643F1F9A5}.Release|Any CPU.ActiveCfg = Release|Any CPU
		{20841CED-BC5E-4704-8520-B26643F1F9A5}.Release|Any CPU.Build.0 = Release|Any CPU
		{20841CED-BC5E-4704-8520-B26643F1F9A5}.Release|x64.ActiveCfg = Release|Any CPU
		{20841CED-BC5E-4704-8520-B26643F1F9A5}.Release|x64.Build.0 = Release|Any CPU
		{20841CED-BC5E-4704-8520-B26643F1F9A5}.Release|x86.ActiveCfg = Release|Any CPU
		{20841CED-BC5E-4704-8520-B26643F1F9A5}.Release|x86.Build.0 = Release|Any CPU
	EndGlobalSection
	GlobalSection(SolutionProperties) = preSolution
		HideSolutionNode = FALSE
	EndGlobalSection
	GlobalSection(NestedProjects) = preSolution
		{05F22451-071D-4CD2-8207-2A6B3BC648FB} = {D025F71C-8A82-B725-9BD6-3FCB9FECB1F2}
	EndGlobalSection
EndGlobal
